{
  "nodes": {
    "hlargs-src": {
      "flake": false,
      "locked": {
        "lastModified": 1687895176,
        "narHash": "sha256-jw2YWCRmINCv3YQXK73etAnft8cUR8aY0wWIh43bCaQ=",
        "owner": "m-demare",
        "repo": "hlargs.nvim",
        "rev": "c7b8b94f5525e1bf40f691a906c729f8d18ce8c5",
        "type": "github"
      },
      "original": {
        "owner": "m-demare",
        "repo": "hlargs.nvim",
        "type": "github"
      }
    },
    "home-manager": {
      "inputs": {
        "nixpkgs": "nixpkgs"
      },
      "locked": {
        "lastModified": 1685553090,
        "narHash": "sha256-DsAYE1AaR4NcZeeotEIE1XlNVXAv8NxUVDxOb7t4wxU=",
        "owner": "nix-community",
        "repo": "home-manager",
        "rev": "f1490b8caf2ef6f59205c78cf1a8b68e776214a3",
        "type": "github"
      },
      "original": {
        "owner": "nix-community",
        "repo": "home-manager",
        "rev": "f1490b8caf2ef6f59205c78cf1a8b68e776214a3",
        "type": "github"
      }
    },
    "nixpkgs": {
      "locked": {
        "lastModified": 1684570954,
        "narHash": "sha256-FX5y4Sm87RWwfu9PI71XFvuRpZLowh00FQpIJ1WfXqE=",
        "owner": "nixos",
        "repo": "nixpkgs",
        "rev": "3005f20ce0aaa58169cdee57c8aa12e5f1b6e1b3",
        "type": "github"
      },
      "original": {
        "owner": "nixos",
        "ref": "nixos-unstable",
        "repo": "nixpkgs",
        "type": "github"
      }
    },
    "nixpkgs_2": {
      "locked": {
        "lastModified": 1685566663,
        "narHash": "sha256-btHN1czJ6rzteeCuE/PNrdssqYD2nIA4w48miQAFloM=",
        "owner": "NixOS",
        "repo": "nixpkgs",
        "rev": "4ecab3273592f27479a583fb6d975d4aba3486fe",
        "type": "github"
      },
      "original": {
        "owner": "NixOS",
        "ref": "23.05",
        "repo": "nixpkgs",
        "type": "github"
      }
    },
    "root": {
      "inputs": {
        "hlargs-src": "hlargs-src",
        "home-manager": "home-manager",
        "nixpkgs": "nixpkgs_2",
        "unstable": "unstable",
        "yanky-src": "yanky-src"
      }
    },
    "unstable": {
      "locked": {
        "lastModified": 1688231357,
        "narHash": "sha256-ZOn16X5jZ6X5ror58gOJAxPfFLAQhZJ6nOUeS4tfFwo=",
        "owner": "NixOS",
        "repo": "nixpkgs",
        "rev": "645ff62e09d294a30de823cb568e9c6d68e92606",
        "type": "github"
      },
      "original": {
        "owner": "NixOS",
        "ref": "nixos-unstable",
        "repo": "nixpkgs",
        "type": "github"
      }
    },
    "yanky-src": {
      "flake": false,
      "locked": {
        "lastModified": 1687346588,
        "narHash": "sha256-WpOOjSf8Kdqn1Nl4nYnKm9z4d+peXFDwomuZl0PTWmg=",
        "owner": "gbprod",
        "repo": "yanky.nvim",
        "rev": "b12561386a25645adb7504e0e6a8c5dc8b31e6da",
        "type": "github"
      },
      "original": {
        "owner": "gbprod",
        "repo": "yanky.nvim",
        "type": "github"
      }
    }
  },
  "root": "root",
  "version": 7
}
